
Microsoft Visual Studio Solution File, Format Version 12.00
Project("{FAE04EC0-301F-11D3-BF4B-00C04F79EFBC}") = "Thread-Pool", "Thread-Pool\Thread-Pool.csproj", "{D78004F9-F3E2-488E-BDD6-0C946223266B}"
EndProject
Global
	GlobalSection(SolutionConfigurationPlatforms) = preSolution
		Debug|Any CPU = Debug|Any CPU
		Release|Any CPU = Release|Any CPU
	EndGlobalSection
	GlobalSection(ProjectConfigurationPlatforms) = postSolution
		{D78004F9-F3E2-488E-BDD6-0C946223266B}.Debug|Any CPU.ActiveCfg = Debug|Any CPU
		{D78004F9-F3E2-488E-BDD6-0C946223266B}.Debug|Any CPU.Build.0 = Debug|Any CPU
		{D78004F9-F3E2-488E-BDD6-0C946223266B}.Release|Any CPU.ActiveCfg = Release|Any CPU
		{D78004F9-F3E2-488E-BDD6-0C946223266B}.Release|Any CPU.Build.0 = Release|Any CPU
	EndGlobalSection
EndGlobal
